// !$*UTF8*$!
{
	archiveVersion = 1;
	classes = {
	};
	objectVersion = 56;
	objects = {

/* Begin PBXBuildFile section */
		D19ECF8B295FD0C100E695CD /* AppDelegate.swift in Sources */ = {isa = PBXBuildFile; fileRef = D19ECF8A295FD0C100E695CD /* AppDelegate.swift */; };
		D19ECF8D295FD0C100E695CD /* SceneDelegate.swift in Sources */ = {isa = PBXBuildFile; fileRef = D19ECF8C295FD0C100E695CD /* SceneDelegate.swift */; };
		D19ECF8F295FD0C100E695CD /* RMTabBarViewController.swift in Sources */ = {isa = PBXBuildFile; fileRef = D19ECF8E295FD0C100E695CD /* RMTabBarViewController.swift */; };
		D19ECF94295FD0C200E695CD /* Assets.xcassets in Resources */ = {isa = PBXBuildFile; fileRef = D19ECF93295FD0C200E695CD /* Assets.xcassets */; };
		D19ECF97295FD0C200E695CD /* LaunchScreen.storyboard in Resources */ = {isa = PBXBuildFile; fileRef = D19ECF95295FD0C200E695CD /* LaunchScreen.storyboard */; };
		D19ECFA3295FD2C000E695CD /* RMLocation.swift in Sources */ = {isa = PBXBuildFile; fileRef = D19ECFA2295FD2C000E695CD /* RMLocation.swift */; };
		D19ECFA5295FD31E00E695CD /* RMCharacterViewController.swift in Sources */ = {isa = PBXBuildFile; fileRef = D19ECFA4295FD31E00E695CD /* RMCharacterViewController.swift */; };
		D19ECFA7295FD34E00E695CD /* RMLocationViewController.swift in Sources */ = {isa = PBXBuildFile; fileRef = D19ECFA6295FD34E00E695CD /* RMLocationViewController.swift */; };
		D19ECFA9295FD35900E695CD /* RMEpisodeViewController.swift in Sources */ = {isa = PBXBuildFile; fileRef = D19ECFA8295FD35900E695CD /* RMEpisodeViewController.swift */; };
		D19ECFAB295FD37300E695CD /* RMSettingsViewController.swift in Sources */ = {isa = PBXBuildFile; fileRef = D19ECFAA295FD37300E695CD /* RMSettingsViewController.swift */; };
		D19ECFAE295FDA4400E695CD /* RMService.swift in Sources */ = {isa = PBXBuildFile; fileRef = D19ECFAD295FDA4400E695CD /* RMService.swift */; };
		D19ECFB0295FDA4900E695CD /* RMRequest.swift in Sources */ = {isa = PBXBuildFile; fileRef = D19ECFAF295FDA4900E695CD /* RMRequest.swift */; };
		D19ECFB2295FDAAA00E695CD /* RMEndpoint.swift in Sources */ = {isa = PBXBuildFile; fileRef = D19ECFB1295FDAAA00E695CD /* RMEndpoint.swift */; };
		D19ECFB4295FDB5400E695CD /* RMCharacter.swift in Sources */ = {isa = PBXBuildFile; fileRef = D19ECFB3295FDB5400E695CD /* RMCharacter.swift */; };
		D19ECFB6295FDC0E00E695CD /* RMOrigin.swift in Sources */ = {isa = PBXBuildFile; fileRef = D19ECFB5295FDC0E00E695CD /* RMOrigin.swift */; };
		D19ECFB8295FDC5E00E695CD /* RMSingleLocation.swift in Sources */ = {isa = PBXBuildFile; fileRef = D19ECFB7295FDC5E00E695CD /* RMSingleLocation.swift */; };
		D19ECFBC29605CD100E695CD /* RMEpisode.swift in Sources */ = {isa = PBXBuildFile; fileRef = D19ECFBB29605CD100E695CD /* RMEpisode.swift */; };
		D19ECFBE2961327A00E695CD /* RMCharacterStatus.swift in Sources */ = {isa = PBXBuildFile; fileRef = D19ECFBD2961327A00E695CD /* RMCharacterStatus.swift */; };
		D19ECFC0296132E800E695CD /* RMCharacterGender.swift in Sources */ = {isa = PBXBuildFile; fileRef = D19ECFBF296132E800E695CD /* RMCharacterGender.swift */; };
		D19ECFC2296267E200E695CD /* RMServiceErrors.swift in Sources */ = {isa = PBXBuildFile; fileRef = D19ECFC1296267E200E695CD /* RMServiceErrors.swift */; };
		D19ECFC42962687100E695CD /* RMAllCharactersType.swift in Sources */ = {isa = PBXBuildFile; fileRef = D19ECFC32962687100E695CD /* RMAllCharactersType.swift */; };
/* End PBXBuildFile section */

/* Begin PBXFileReference section */
		D19ECF87295FD0C100E695CD /* RickAndMortyWiki.app */ = {isa = PBXFileReference; explicitFileType = wrapper.application; includeInIndex = 0; path = RickAndMortyWiki.app; sourceTree = BUILT_PRODUCTS_DIR; };
		D19ECF8A295FD0C100E695CD /* AppDelegate.swift */ = {isa = PBXFileReference; lastKnownFileType = sourcecode.swift; path = AppDelegate.swift; sourceTree = "<group>"; };
		D19ECF8C295FD0C100E695CD /* SceneDelegate.swift */ = {isa = PBXFileReference; lastKnownFileType = sourcecode.swift; path = SceneDelegate.swift; sourceTree = "<group>"; };
		D19ECF8E295FD0C100E695CD /* RMTabBarViewController.swift */ = {isa = PBXFileReference; lastKnownFileType = sourcecode.swift; path = RMTabBarViewController.swift; sourceTree = "<group>"; };
		D19ECF93295FD0C200E695CD /* Assets.xcassets */ = {isa = PBXFileReference; lastKnownFileType = folder.assetcatalog; path = Assets.xcassets; sourceTree = "<group>"; };
		D19ECF96295FD0C200E695CD /* Base */ = {isa = PBXFileReference; lastKnownFileType = file.storyboard; name = Base; path = Base.lproj/LaunchScreen.storyboard; sourceTree = "<group>"; };
		D19ECF98295FD0C200E695CD /* Info.plist */ = {isa = PBXFileReference; lastKnownFileType = text.plist.xml; path = Info.plist; sourceTree = "<group>"; };
		D19ECFA2295FD2C000E695CD /* RMLocation.swift */ = {isa = PBXFileReference; lastKnownFileType = sourcecode.swift; path = RMLocation.swift; sourceTree = "<group>"; };
		D19ECFA4295FD31E00E695CD /* RMCharacterViewController.swift */ = {isa = PBXFileReference; lastKnownFileType = sourcecode.swift; path = RMCharacterViewController.swift; sourceTree = "<group>"; };
		D19ECFA6295FD34E00E695CD /* RMLocationViewController.swift */ = {isa = PBXFileReference; lastKnownFileType = sourcecode.swift; path = RMLocationViewController.swift; sourceTree = "<group>"; };
		D19ECFA8295FD35900E695CD /* RMEpisodeViewController.swift */ = {isa = PBXFileReference; lastKnownFileType = sourcecode.swift; path = RMEpisodeViewController.swift; sourceTree = "<group>"; };
		D19ECFAA295FD37300E695CD /* RMSettingsViewController.swift */ = {isa = PBXFileReference; lastKnownFileType = sourcecode.swift; path = RMSettingsViewController.swift; sourceTree = "<group>"; };
		D19ECFAD295FDA4400E695CD /* RMService.swift */ = {isa = PBXFileReference; lastKnownFileType = sourcecode.swift; path = RMService.swift; sourceTree = "<group>"; };
		D19ECFAF295FDA4900E695CD /* RMRequest.swift */ = {isa = PBXFileReference; lastKnownFileType = sourcecode.swift; path = RMRequest.swift; sourceTree = "<group>"; };
		D19ECFB1295FDAAA00E695CD /* RMEndpoint.swift */ = {isa = PBXFileReference; lastKnownFileType = sourcecode.swift; path = RMEndpoint.swift; sourceTree = "<group>"; };
		D19ECFB3295FDB5400E695CD /* RMCharacter.swift */ = {isa = PBXFileReference; lastKnownFileType = sourcecode.swift; path = RMCharacter.swift; sourceTree = "<group>"; };
		D19ECFB5295FDC0E00E695CD /* RMOrigin.swift */ = {isa = PBXFileReference; lastKnownFileType = sourcecode.swift; path = RMOrigin.swift; sourceTree = "<group>"; };
		D19ECFB7295FDC5E00E695CD /* RMSingleLocation.swift */ = {isa = PBXFileReference; lastKnownFileType = sourcecode.swift; path = RMSingleLocation.swift; sourceTree = "<group>"; };
		D19ECFBB29605CD100E695CD /* RMEpisode.swift */ = {isa = PBXFileReference; lastKnownFileType = sourcecode.swift; path = RMEpisode.swift; sourceTree = "<group>"; };
		D19ECFBD2961327A00E695CD /* RMCharacterStatus.swift */ = {isa = PBXFileReference; lastKnownFileType = sourcecode.swift; path = RMCharacterStatus.swift; sourceTree = "<group>"; };
		D19ECFBF296132E800E695CD /* RMCharacterGender.swift */ = {isa = PBXFileReference; lastKnownFileType = sourcecode.swift; name = RMCharacterGender.swift; path = ../../../../Documents/RMCharacterGender.swift; sourceTree = "<group>"; };
		D19ECFC1296267E200E695CD /* RMServiceErrors.swift */ = {isa = PBXFileReference; lastKnownFileType = sourcecode.swift; path = RMServiceErrors.swift; sourceTree = "<group>"; };
		D19ECFC32962687100E695CD /* RMAllCharactersType.swift */ = {isa = PBXFileReference; lastKnownFileType = sourcecode.swift; path = RMAllCharactersType.swift; sourceTree = "<group>"; };
/* End PBXFileReference section */

/* Begin PBXFrameworksBuildPhase section */
		D19ECF84295FD0C100E695CD /* Frameworks */ = {
			isa = PBXFrameworksBuildPhase;
			buildActionMask = 2147483647;
			files = (
			);
			runOnlyForDeploymentPostprocessing = 0;
		};
/* End PBXFrameworksBuildPhase section */

/* Begin PBXGroup section */
		D19ECF7E295FD0C100E695CD = {
			isa = PBXGroup;
			children = (
				D19ECF89295FD0C100E695CD /* RickAndMortyWiki */,
				D19ECF88295FD0C100E695CD /* Products */,
			);
			sourceTree = "<group>";
		};
		D19ECF88295FD0C100E695CD /* Products */ = {
			isa = PBXGroup;
			children = (
				D19ECF87295FD0C100E695CD /* RickAndMortyWiki.app */,
			);
			name = Products;
			sourceTree = "<group>";
		};
		D19ECF89295FD0C100E695CD /* RickAndMortyWiki */ = {
			isa = PBXGroup;
			children = (
				D19ECFAC295FDA3200E695CD /* APIClient */,
				D19ECFA1295FD2B600E695CD /* Models */,
				D19ECF9E295FD0E600E695CD /* App */,
				D19ECFA0295FD29D00E695CD /* Controllers */,
				D19ECF9F295FD0F100E695CD /* Resources */,
			);
			path = RickAndMortyWiki;
			sourceTree = "<group>";
		};
		D19ECF9E295FD0E600E695CD /* App */ = {
			isa = PBXGroup;
			children = (
				D19ECF8A295FD0C100E695CD /* AppDelegate.swift */,
				D19ECF8C295FD0C100E695CD /* SceneDelegate.swift */,
				D19ECF95295FD0C200E695CD /* LaunchScreen.storyboard */,
			);
			path = App;
			sourceTree = "<group>";
		};
		D19ECF9F295FD0F100E695CD /* Resources */ = {
			isa = PBXGroup;
			children = (
				D19ECF93295FD0C200E695CD /* Assets.xcassets */,
				D19ECF98295FD0C200E695CD /* Info.plist */,
			);
			path = Resources;
			sourceTree = "<group>";
		};
		D19ECFA0295FD29D00E695CD /* Controllers */ = {
			isa = PBXGroup;
			children = (
				D19ECF8E295FD0C100E695CD /* RMTabBarViewController.swift */,
				D19ECFA4295FD31E00E695CD /* RMCharacterViewController.swift */,
				D19ECFA6295FD34E00E695CD /* RMLocationViewController.swift */,
				D19ECFA8295FD35900E695CD /* RMEpisodeViewController.swift */,
				D19ECFAA295FD37300E695CD /* RMSettingsViewController.swift */,
			);
			path = Controllers;
			sourceTree = "<group>";
		};
		D19ECFA1295FD2B600E695CD /* Models */ = {
			isa = PBXGroup;
			children = (
				D19ECFA2295FD2C000E695CD /* RMLocation.swift */,
				D19ECFBB29605CD100E695CD /* RMEpisode.swift */,
				D19ECFB7295FDC5E00E695CD /* RMSingleLocation.swift */,
				D19ECFB3295FDB5400E695CD /* RMCharacter.swift */,
				D19ECFBD2961327A00E695CD /* RMCharacterStatus.swift */,
				D19ECFBF296132E800E695CD /* RMCharacterGender.swift */,
				D19ECFB5295FDC0E00E695CD /* RMOrigin.swift */,
				D19ECFC32962687100E695CD /* RMAllCharactersType.swift */,
			);
			path = Models;
			sourceTree = "<group>";
		};
		D19ECFAC295FDA3200E695CD /* APIClient */ = {
			isa = PBXGroup;
			children = (
				D19ECFAD295FDA4400E695CD /* RMService.swift */,
				D19ECFAF295FDA4900E695CD /* RMRequest.swift */,
				D19ECFB1295FDAAA00E695CD /* RMEndpoint.swift */,
				D19ECFC1296267E200E695CD /* RMServiceErrors.swift */,
			);
			path = APIClient;
			sourceTree = "<group>";
		};
/* End PBXGroup section */

/* Begin PBXNativeTarget section */
		D19ECF86295FD0C100E695CD /* RickAndMortyWiki */ = {
			isa = PBXNativeTarget;
			buildConfigurationList = D19ECF9B295FD0C200E695CD /* Build configuration list for PBXNativeTarget "RickAndMortyWiki" */;
			buildPhases = (
				D19ECF83295FD0C100E695CD /* Sources */,
				D19ECF84295FD0C100E695CD /* Frameworks */,
				D19ECF85295FD0C100E695CD /* Resources */,
			);
			buildRules = (
			);
			dependencies = (
			);
			name = RickAndMortyWiki;
			productName = RickAndMortyWiki;
			productReference = D19ECF87295FD0C100E695CD /* RickAndMortyWiki.app */;
			productType = "com.apple.product-type.application";
		};
/* End PBXNativeTarget section */

/* Begin PBXProject section */
		D19ECF7F295FD0C100E695CD /* Project object */ = {
			isa = PBXProject;
			attributes = {
				BuildIndependentTargetsInParallel = 1;
				LastSwiftUpdateCheck = 1400;
				LastUpgradeCheck = 1400;
				TargetAttributes = {
					D19ECF86295FD0C100E695CD = {
						CreatedOnToolsVersion = 14.0.1;
					};
				};
			};
			buildConfigurationList = D19ECF82295FD0C100E695CD /* Build configuration list for PBXProject "RickAndMortyWiki" */;
			compatibilityVersion = "Xcode 14.0";
			developmentRegion = en;
			hasScannedForEncodings = 0;
			knownRegions = (
				en,
				Base,
			);
			mainGroup = D19ECF7E295FD0C100E695CD;
			productRefGroup = D19ECF88295FD0C100E695CD /* Products */;
			projectDirPath = "";
			projectRoot = "";
			targets = (
				D19ECF86295FD0C100E695CD /* RickAndMortyWiki */,
			);
		};
/* End PBXProject section */

/* Begin PBXResourcesBuildPhase section */
		D19ECF85295FD0C100E695CD /* Resources */ = {
			isa = PBXResourcesBuildPhase;
			buildActionMask = 2147483647;
			files = (
				D19ECF97295FD0C200E695CD /* LaunchScreen.storyboard in Resources */,
				D19ECF94295FD0C200E695CD /* Assets.xcassets in Resources */,
			);
			runOnlyForDeploymentPostprocessing = 0;
		};
/* End PBXResourcesBuildPhase section */

/* Begin PBXSourcesBuildPhase section */
		D19ECF83295FD0C100E695CD /* Sources */ = {
			isa = PBXSourcesBuildPhase;
			buildActionMask = 2147483647;
			files = (
				D19ECFB4295FDB5400E695CD /* RMCharacter.swift in Sources */,
				D19ECFAB295FD37300E695CD /* RMSettingsViewController.swift in Sources */,
				D19ECFBE2961327A00E695CD /* RMCharacterStatus.swift in Sources */,
				D19ECFC42962687100E695CD /* RMAllCharactersType.swift in Sources */,
				D19ECFC0296132E800E695CD /* RMCharacterGender.swift in Sources */,
				D19ECFA7295FD34E00E695CD /* RMLocationViewController.swift in Sources */,
				D19ECFB8295FDC5E00E695CD /* RMSingleLocation.swift in Sources */,
				D19ECFB2295FDAAA00E695CD /* RMEndpoint.swift in Sources */,
				D19ECFB0295FDA4900E695CD /* RMRequest.swift in Sources */,
				D19ECFB6295FDC0E00E695CD /* RMOrigin.swift in Sources */,
				D19ECFA9295FD35900E695CD /* RMEpisodeViewController.swift in Sources */,
				D19ECFA5295FD31E00E695CD /* RMCharacterViewController.swift in Sources */,
				D19ECFC2296267E200E695CD /* RMServiceErrors.swift in Sources */,
				D19ECF8F295FD0C100E695CD /* RMTabBarViewController.swift in Sources */,
				D19ECF8B295FD0C100E695CD /* AppDelegate.swift in Sources */,
				D19ECF8D295FD0C100E695CD /* SceneDelegate.swift in Sources */,
				D19ECFBC29605CD100E695CD /* RMEpisode.swift in Sources */,
				D19ECFA3295FD2C000E695CD /* RMLocation.swift in Sources */,
				D19ECFAE295FDA4400E695CD /* RMService.swift in Sources */,
			);
			runOnlyForDeploymentPostprocessing = 0;
		};
/* End PBXSourcesBuildPhase section */

/* Begin PBXVariantGroup section */
		D19ECF95295FD0C200E695CD /* LaunchScreen.storyboard */ = {
			isa = PBXVariantGroup;
			children = (
				D19ECF96295FD0C200E695CD /* Base */,
			);
			name = LaunchScreen.storyboard;
			sourceTree = "<group>";
		};
/* End PBXVariantGroup section */

/* Begin XCBuildConfiguration section */
		D19ECF99295FD0C200E695CD /* Debug */ = {
			isa = XCBuildConfiguration;
			buildSettings = {
				ALWAYS_SEARCH_USER_PATHS = NO;
				CLANG_ANALYZER_NONNULL = YES;
				CLANG_ANALYZER_NUMBER_OBJECT_CONVERSION = YES_AGGRESSIVE;
				CLANG_CXX_LANGUAGE_STANDARD = "gnu++20";
				CLANG_ENABLE_MODULES = YES;
				CLANG_ENABLE_OBJC_ARC = YES;
				CLANG_ENABLE_OBJC_WEAK = YES;
				CLANG_WARN_BLOCK_CAPTURE_AUTORELEASING = YES;
				CLANG_WARN_BOOL_CONVERSION = YES;
				CLANG_WARN_COMMA = YES;
				CLANG_WARN_CONSTANT_CONVERSION = YES;
				CLANG_WARN_DEPRECATED_OBJC_IMPLEMENTATIONS = YES;
				CLANG_WARN_DIRECT_OBJC_ISA_USAGE = YES_ERROR;
				CLANG_WARN_DOCUMENTATION_COMMENTS = YES;
				CLANG_WARN_EMPTY_BODY = YES;
				CLANG_WARN_ENUM_CONVERSION = YES;
				CLANG_WARN_INFINITE_RECURSION = YES;
				CLANG_WARN_INT_CONVERSION = YES;
				CLANG_WARN_NON_LITERAL_NULL_CONVERSION = YES;
				CLANG_WARN_OBJC_IMPLICIT_RETAIN_SELF = YES;
				CLANG_WARN_OBJC_LITERAL_CONVERSION = YES;
				CLANG_WARN_OBJC_ROOT_CLASS = YES_ERROR;
				CLANG_WARN_QUOTED_INCLUDE_IN_FRAMEWORK_HEADER = YES;
				CLANG_WARN_RANGE_LOOP_ANALYSIS = YES;
				CLANG_WARN_STRICT_PROTOTYPES = YES;
				CLANG_WARN_SUSPICIOUS_MOVE = YES;
				CLANG_WARN_UNGUARDED_AVAILABILITY = YES_AGGRESSIVE;
				CLANG_WARN_UNREACHABLE_CODE = YES;
				CLANG_WARN__DUPLICATE_METHOD_MATCH = YES;
				COPY_PHASE_STRIP = NO;
				DEBUG_INFORMATION_FORMAT = dwarf;
				ENABLE_STRICT_OBJC_MSGSEND = YES;
				ENABLE_TESTABILITY = YES;
				GCC_C_LANGUAGE_STANDARD = gnu11;
				GCC_DYNAMIC_NO_PIC = NO;
				GCC_NO_COMMON_BLOCKS = YES;
				GCC_OPTIMIZATION_LEVEL = 0;
				GCC_PREPROCESSOR_DEFINITIONS = (
					"DEBUG=1",
					"$(inherited)",
				);
				GCC_WARN_64_TO_32_BIT_CONVERSION = YES;
				GCC_WARN_ABOUT_RETURN_TYPE = YES_ERROR;
				GCC_WARN_UNDECLARED_SELECTOR = YES;
				GCC_WARN_UNINITIALIZED_AUTOS = YES_AGGRESSIVE;
				GCC_WARN_UNUSED_FUNCTION = YES;
				GCC_WARN_UNUSED_VARIABLE = YES;
				IPHONEOS_DEPLOYMENT_TARGET = 16.0;
				MTL_ENABLE_DEBUG_INFO = INCLUDE_SOURCE;
				MTL_FAST_MATH = YES;
				ONLY_ACTIVE_ARCH = YES;
				SDKROOT = iphoneos;
				SWIFT_ACTIVE_COMPILATION_CONDITIONS = DEBUG;
				SWIFT_OPTIMIZATION_LEVEL = "-Onone";
			};
			name = Debug;
		};
		D19ECF9A295FD0C200E695CD /* Release */ = {
			isa = XCBuildConfiguration;
			buildSettings = {
				ALWAYS_SEARCH_USER_PATHS = NO;
				CLANG_ANALYZER_NONNULL = YES;
				CLANG_ANALYZER_NUMBER_OBJECT_CONVERSION = YES_AGGRESSIVE;
				CLANG_CXX_LANGUAGE_STANDARD = "gnu++20";
				CLANG_ENABLE_MODULES = YES;
				CLANG_ENABLE_OBJC_ARC = YES;
				CLANG_ENABLE_OBJC_WEAK = YES;
				CLANG_WARN_BLOCK_CAPTURE_AUTORELEASING = YES;
				CLANG_WARN_BOOL_CONVERSION = YES;
				CLANG_WARN_COMMA = YES;
				CLANG_WARN_CONSTANT_CONVERSION = YES;
				CLANG_WARN_DEPRECATED_OBJC_IMPLEMENTATIONS = YES;
				CLANG_WARN_DIRECT_OBJC_ISA_USAGE = YES_ERROR;
				CLANG_WARN_DOCUMENTATION_COMMENTS = YES;
				CLANG_WARN_EMPTY_BODY = YES;
				CLANG_WARN_ENUM_CONVERSION = YES;
				CLANG_WARN_INFINITE_RECURSION = YES;
				CLANG_WARN_INT_CONVERSION = YES;
				CLANG_WARN_NON_LITERAL_NULL_CONVERSION = YES;
				CLANG_WARN_OBJC_IMPLICIT_RETAIN_SELF = YES;
				CLANG_WARN_OBJC_LITERAL_CONVERSION = YES;
				CLANG_WARN_OBJC_ROOT_CLASS = YES_ERROR;
				CLANG_WARN_QUOTED_INCLUDE_IN_FRAMEWORK_HEADER = YES;
				CLANG_WARN_RANGE_LOOP_ANALYSIS = YES;
				CLANG_WARN_STRICT_PROTOTYPES = YES;
				CLANG_WARN_SUSPICIOUS_MOVE = YES;
				CLANG_WARN_UNGUARDED_AVAILABILITY = YES_AGGRESSIVE;
				CLANG_WARN_UNREACHABLE_CODE = YES;
				CLANG_WARN__DUPLICATE_METHOD_MATCH = YES;
				COPY_PHASE_STRIP = NO;
				DEBUG_INFORMATION_FORMAT = "dwarf-with-dsym";
				ENABLE_NS_ASSERTIONS = NO;
				ENABLE_STRICT_OBJC_MSGSEND = YES;
				GCC_C_LANGUAGE_STANDARD = gnu11;
				GCC_NO_COMMON_BLOCKS = YES;
				GCC_WARN_64_TO_32_BIT_CONVERSION = YES;
				GCC_WARN_ABOUT_RETURN_TYPE = YES_ERROR;
				GCC_WARN_UNDECLARED_SELECTOR = YES;
				GCC_WARN_UNINITIALIZED_AUTOS = YES_AGGRESSIVE;
				GCC_WARN_UNUSED_FUNCTION = YES;
				GCC_WARN_UNUSED_VARIABLE = YES;
				IPHONEOS_DEPLOYMENT_TARGET = 16.0;
				MTL_ENABLE_DEBUG_INFO = NO;
				MTL_FAST_MATH = YES;
				SDKROOT = iphoneos;
				SWIFT_COMPILATION_MODE = wholemodule;
				SWIFT_OPTIMIZATION_LEVEL = "-O";
				VALIDATE_PRODUCT = YES;
			};
			name = Release;
		};
		D19ECF9C295FD0C200E695CD /* Debug */ = {
			isa = XCBuildConfiguration;
			buildSettings = {
				ASSETCATALOG_COMPILER_APPICON_NAME = AppIcon;
				ASSETCATALOG_COMPILER_GLOBAL_ACCENT_COLOR_NAME = AccentColor;
				CODE_SIGN_STYLE = Automatic;
				CURRENT_PROJECT_VERSION = 1;
				GENERATE_INFOPLIST_FILE = YES;
				INFOPLIST_FILE = RickAndMortyWiki/Info.plist;
				INFOPLIST_KEY_UIApplicationSupportsIndirectInputEvents = YES;
				INFOPLIST_KEY_UILaunchStoryboardName = LaunchScreen;
				INFOPLIST_KEY_UISupportedInterfaceOrientations_iPad = "UIInterfaceOrientationPortrait UIInterfaceOrientationPortraitUpsideDown UIInterfaceOrientationLandscapeLeft UIInterfaceOrientationLandscapeRight";
				INFOPLIST_KEY_UISupportedInterfaceOrientations_iPhone = "UIInterfaceOrientationPortrait UIInterfaceOrientationLandscapeLeft UIInterfaceOrientationLandscapeRight";
				LD_RUNPATH_SEARCH_PATHS = (
					"$(inherited)",
					"@executable_path/Frameworks",
				);
				MARKETING_VERSION = 1.0;
				PRODUCT_BUNDLE_IDENTIFIER = com.berezovsky.RickAndMortyWiki;
				PRODUCT_NAME = "$(TARGET_NAME)";
				SWIFT_EMIT_LOC_STRINGS = YES;
				SWIFT_VERSION = 5.0;
				TARGETED_DEVICE_FAMILY = "1,2";
			};
			name = Debug;
		};
		D19ECF9D295FD0C200E695CD /* Release */ = {
			isa = XCBuildConfiguration;
			buildSettings = {
				ASSETCATALOG_COMPILER_APPICON_NAME = AppIcon;
				ASSETCATALOG_COMPILER_GLOBAL_ACCENT_COLOR_NAME = AccentColor;
				CODE_SIGN_STYLE = Automatic;
				CURRENT_PROJECT_VERSION = 1;
				GENERATE_INFOPLIST_FILE = YES;
				INFOPLIST_FILE = RickAndMortyWiki/Info.plist;
				INFOPLIST_KEY_UIApplicationSupportsIndirectInputEvents = YES;
				INFOPLIST_KEY_UILaunchStoryboardName = LaunchScreen;
				INFOPLIST_KEY_UISupportedInterfaceOrientations_iPad = "UIInterfaceOrientationPortrait UIInterfaceOrientationPortraitUpsideDown UIInterfaceOrientationLandscapeLeft UIInterfaceOrientationLandscapeRight";
				INFOPLIST_KEY_UISupportedInterfaceOrientations_iPhone = "UIInterfaceOrientationPortrait UIInterfaceOrientationLandscapeLeft UIInterfaceOrientationLandscapeRight";
				LD_RUNPATH_SEARCH_PATHS = (
					"$(inherited)",
					"@executable_path/Frameworks",
				);
				MARKETING_VERSION = 1.0;
				PRODUCT_BUNDLE_IDENTIFIER = com.berezovsky.RickAndMortyWiki;
				PRODUCT_NAME = "$(TARGET_NAME)";
				SWIFT_EMIT_LOC_STRINGS = YES;
				SWIFT_VERSION = 5.0;
				TARGETED_DEVICE_FAMILY = "1,2";
			};
			name = Release;
		};
/* End XCBuildConfiguration section */

/* Begin XCConfigurationList section */
		D19ECF82295FD0C100E695CD /* Build configuration list for PBXProject "RickAndMortyWiki" */ = {
			isa = XCConfigurationList;
			buildConfigurations = (
				D19ECF99295FD0C200E695CD /* Debug */,
				D19ECF9A295FD0C200E695CD /* Release */,
			);
			defaultConfigurationIsVisible = 0;
			defaultConfigurationName = Release;
		};
		D19ECF9B295FD0C200E695CD /* Build configuration list for PBXNativeTarget "RickAndMortyWiki" */ = {
			isa = XCConfigurationList;
			buildConfigurations = (
				D19ECF9C295FD0C200E695CD /* Debug */,
				D19ECF9D295FD0C200E695CD /* Release */,
			);
			defaultConfigurationIsVisible = 0;
			defaultConfigurationName = Release;
		};
/* End XCConfigurationList section */
	};
	rootObject = D19ECF7F295FD0C100E695CD /* Project object */;
}
